// !$*UTF8*$!
{
	archiveVersion = 1;
	classes = {
	};
	objectVersion = 50;
	objects = {

/* Begin PBXBuildFile section */
		3EED740E22AE0620003006E0 /* ShowService.swift in Sources */ = {isa = PBXBuildFile; fileRef = 3EED740D22AE0620003006E0 /* ShowService.swift */; };
		3EED741022AE0774003006E0 /* Day.swift in Sources */ = {isa = PBXBuildFile; fileRef = 3EED740F22AE0774003006E0 /* Day.swift */; };
		43C47A6222AB2377000CC73C /* AppDelegate.swift in Sources */ = {isa = PBXBuildFile; fileRef = 43C47A6122AB2377000CC73C /* AppDelegate.swift */; };
		43C47A6422AB2377000CC73C /* SceneDelegate.swift in Sources */ = {isa = PBXBuildFile; fileRef = 43C47A6322AB2377000CC73C /* SceneDelegate.swift */; };
		43C47A6622AB2377000CC73C /* AllShowsView.swift in Sources */ = {isa = PBXBuildFile; fileRef = 43C47A6522AB2377000CC73C /* AllShowsView.swift */; };
		43C47A6822AB2378000CC73C /* Assets.xcassets in Resources */ = {isa = PBXBuildFile; fileRef = 43C47A6722AB2378000CC73C /* Assets.xcassets */; };
		43C47A6B22AB2378000CC73C /* Preview Assets.xcassets in Resources */ = {isa = PBXBuildFile; fileRef = 43C47A6A22AB2378000CC73C /* Preview Assets.xcassets */; };
		43C47A6E22AB2378000CC73C /* LaunchScreen.storyboard in Resources */ = {isa = PBXBuildFile; fileRef = 43C47A6C22AB2378000CC73C /* LaunchScreen.storyboard */; };
		43C47A7622AB25E8000CC73C /* ShowRowView.swift in Sources */ = {isa = PBXBuildFile; fileRef = 43C47A7522AB25E8000CC73C /* ShowRowView.swift */; };
		43C47A7822AB2602000CC73C /* Show.swift in Sources */ = {isa = PBXBuildFile; fileRef = 43C47A7722AB2602000CC73C /* Show.swift */; };
		43C47A7A22AB2DE1000CC73C /* UserData.swift in Sources */ = {isa = PBXBuildFile; fileRef = 43C47A7922AB2DE1000CC73C /* UserData.swift */; };
/* End PBXBuildFile section */

/* Begin PBXFileReference section */
		3EED740D22AE0620003006E0 /* ShowService.swift */ = {isa = PBXFileReference; lastKnownFileType = sourcecode.swift; path = ShowService.swift; sourceTree = "<group>"; };
		3EED740F22AE0774003006E0 /* Day.swift */ = {isa = PBXFileReference; lastKnownFileType = sourcecode.swift; path = Day.swift; sourceTree = "<group>"; };
		43C47A5E22AB2377000CC73C /* SOTW.app */ = {isa = PBXFileReference; explicitFileType = wrapper.application; includeInIndex = 0; path = SOTW.app; sourceTree = BUILT_PRODUCTS_DIR; };
		43C47A6122AB2377000CC73C /* AppDelegate.swift */ = {isa = PBXFileReference; lastKnownFileType = sourcecode.swift; path = AppDelegate.swift; sourceTree = "<group>"; };
		43C47A6322AB2377000CC73C /* SceneDelegate.swift */ = {isa = PBXFileReference; lastKnownFileType = sourcecode.swift; path = SceneDelegate.swift; sourceTree = "<group>"; };
		43C47A6522AB2377000CC73C /* AllShowsView.swift */ = {isa = PBXFileReference; lastKnownFileType = sourcecode.swift; path = AllShowsView.swift; sourceTree = "<group>"; };
		43C47A6722AB2378000CC73C /* Assets.xcassets */ = {isa = PBXFileReference; lastKnownFileType = folder.assetcatalog; path = Assets.xcassets; sourceTree = "<group>"; };
		43C47A6A22AB2378000CC73C /* Preview Assets.xcassets */ = {isa = PBXFileReference; lastKnownFileType = folder.assetcatalog; path = "Preview Assets.xcassets"; sourceTree = "<group>"; };
		43C47A6D22AB2378000CC73C /* Base */ = {isa = PBXFileReference; lastKnownFileType = file.storyboard; name = Base; path = Base.lproj/LaunchScreen.storyboard; sourceTree = "<group>"; };
		43C47A6F22AB2378000CC73C /* Info.plist */ = {isa = PBXFileReference; lastKnownFileType = text.plist.xml; path = Info.plist; sourceTree = "<group>"; };
		43C47A7522AB25E8000CC73C /* ShowRowView.swift */ = {isa = PBXFileReference; lastKnownFileType = sourcecode.swift; path = ShowRowView.swift; sourceTree = "<group>"; };
		43C47A7722AB2602000CC73C /* Show.swift */ = {isa = PBXFileReference; lastKnownFileType = sourcecode.swift; path = Show.swift; sourceTree = "<group>"; };
		43C47A7922AB2DE1000CC73C /* UserData.swift */ = {isa = PBXFileReference; lastKnownFileType = sourcecode.swift; path = UserData.swift; sourceTree = "<group>"; };
/* End PBXFileReference section */

/* Begin PBXFrameworksBuildPhase section */
		43C47A5B22AB2377000CC73C /* Frameworks */ = {
			isa = PBXFrameworksBuildPhase;
			buildActionMask = 2147483647;
			files = (
			);
			runOnlyForDeploymentPostprocessing = 0;
		};
/* End PBXFrameworksBuildPhase section */

/* Begin PBXGroup section */
		43C47A5522AB2377000CC73C = {
			isa = PBXGroup;
			children = (
				43C47A6022AB2377000CC73C /* SOTW */,
				43C47A5F22AB2377000CC73C /* Products */,
			);
			sourceTree = "<group>";
		};
		43C47A5F22AB2377000CC73C /* Products */ = {
			isa = PBXGroup;
			children = (
				43C47A5E22AB2377000CC73C /* SOTW.app */,
			);
			name = Products;
			sourceTree = "<group>";
		};
		43C47A6022AB2377000CC73C /* SOTW */ = {
			isa = PBXGroup;
			children = (
				43C47A6122AB2377000CC73C /* AppDelegate.swift */,
				43C47A6322AB2377000CC73C /* SceneDelegate.swift */,
				43C47A7922AB2DE1000CC73C /* UserData.swift */,
				43C47A6522AB2377000CC73C /* AllShowsView.swift */,
				43C47A7522AB25E8000CC73C /* ShowRowView.swift */,
				43C47A7722AB2602000CC73C /* Show.swift */,
				43C47A6722AB2378000CC73C /* Assets.xcassets */,
				43C47A6C22AB2378000CC73C /* LaunchScreen.storyboard */,
				43C47A6F22AB2378000CC73C /* Info.plist */,
				43C47A6922AB2378000CC73C /* Preview Content */,
				3EED740D22AE0620003006E0 /* ShowService.swift */,
				3EED740F22AE0774003006E0 /* Day.swift */,
			);
			path = SOTW;
			sourceTree = "<group>";
		};
		43C47A6922AB2378000CC73C /* Preview Content */ = {
			isa = PBXGroup;
			children = (
				43C47A6A22AB2378000CC73C /* Preview Assets.xcassets */,
			);
			path = "Preview Content";
			sourceTree = "<group>";
		};
/* End PBXGroup section */

/* Begin PBXNativeTarget section */
		43C47A5D22AB2377000CC73C /* SOTW */ = {
			isa = PBXNativeTarget;
			buildConfigurationList = 43C47A7222AB2378000CC73C /* Build configuration list for PBXNativeTarget "SOTW" */;
			buildPhases = (
				43C47A5A22AB2377000CC73C /* Sources */,
				43C47A5B22AB2377000CC73C /* Frameworks */,
				43C47A5C22AB2377000CC73C /* Resources */,
			);
			buildRules = (
			);
			dependencies = (
			);
			name = SOTW;
			productName = SOTW;
			productReference = 43C47A5E22AB2377000CC73C /* SOTW.app */;
			productType = "com.apple.product-type.application";
		};
/* End PBXNativeTarget section */

/* Begin PBXProject section */
		43C47A5622AB2377000CC73C /* Project object */ = {
			isa = PBXProject;
			attributes = {
				LastSwiftUpdateCheck = 1100;
				LastUpgradeCheck = 1100;
				ORGANIZATIONNAME = Farktronix;
				TargetAttributes = {
					43C47A5D22AB2377000CC73C = {
						CreatedOnToolsVersion = 11.0;
					};
				};
			};
			buildConfigurationList = 43C47A5922AB2377000CC73C /* Build configuration list for PBXProject "SOTW" */;
			compatibilityVersion = "Xcode 9.3";
			developmentRegion = en;
			hasScannedForEncodings = 0;
			knownRegions = (
				en,
				Base,
			);
			mainGroup = 43C47A5522AB2377000CC73C;
			productRefGroup = 43C47A5F22AB2377000CC73C /* Products */;
			projectDirPath = "";
			projectRoot = "";
			targets = (
				43C47A5D22AB2377000CC73C /* SOTW */,
			);
		};
/* End PBXProject section */

/* Begin PBXResourcesBuildPhase section */
		43C47A5C22AB2377000CC73C /* Resources */ = {
			isa = PBXResourcesBuildPhase;
			buildActionMask = 2147483647;
			files = (
				43C47A6E22AB2378000CC73C /* LaunchScreen.storyboard in Resources */,
				43C47A6B22AB2378000CC73C /* Preview Assets.xcassets in Resources */,
				43C47A6822AB2378000CC73C /* Assets.xcassets in Resources */,
			);
			runOnlyForDeploymentPostprocessing = 0;
		};
/* End PBXResourcesBuildPhase section */

/* Begin PBXSourcesBuildPhase section */
		43C47A5A22AB2377000CC73C /* Sources */ = {
			isa = PBXSourcesBuildPhase;
			buildActionMask = 2147483647;
			files = (
				43C47A7A22AB2DE1000CC73C /* UserData.swift in Sources */,
				43C47A7622AB25E8000CC73C /* ShowRowView.swift in Sources */,
				3EED741022AE0774003006E0 /* Day.swift in Sources */,
				43C47A6222AB2377000CC73C /* AppDelegate.swift in Sources */,
				3EED740E22AE0620003006E0 /* ShowService.swift in Sources */,
				43C47A6422AB2377000CC73C /* SceneDelegate.swift in Sources */,
				43C47A7822AB2602000CC73C /* Show.swift in Sources */,
				43C47A6622AB2377000CC73C /* AllShowsView.swift in Sources */,
			);
			runOnlyForDeploymentPostprocessing = 0;
		};
/* End PBXSourcesBuildPhase section */

/* Begin PBXVariantGroup section */
		43C47A6C22AB2378000CC73C /* LaunchScreen.storyboard */ = {
			isa = PBXVariantGroup;
			children = (
				43C47A6D22AB2378000CC73C /* Base */,
			);
			name = LaunchScreen.storyboard;
			sourceTree = "<group>";
		};
/* End PBXVariantGroup section */

/* Begin XCBuildConfiguration section */
		43C47A7022AB2378000CC73C /* Debug */ = {
			isa = XCBuildConfiguration;
			buildSettings = {
				ALWAYS_SEARCH_USER_PATHS = NO;
				CLANG_ANALYZER_NONNULL = YES;
				CLANG_ANALYZER_NUMBER_OBJECT_CONVERSION = YES_AGGRESSIVE;
				CLANG_CXX_LANGUAGE_STANDARD = "gnu++14";
				CLANG_CXX_LIBRARY = "libc++";
				CLANG_ENABLE_MODULES = YES;
				CLANG_ENABLE_OBJC_ARC = YES;
				CLANG_ENABLE_OBJC_WEAK = YES;
				CLANG_WARN_BLOCK_CAPTURE_AUTORELEASING = YES;
				CLANG_WARN_BOOL_CONVERSION = YES;
				CLANG_WARN_COMMA = YES;
				CLANG_WARN_CONSTANT_CONVERSION = YES;
				CLANG_WARN_DEPRECATED_OBJC_IMPLEMENTATIONS = YES;
				CLANG_WARN_DIRECT_OBJC_ISA_USAGE = YES_ERROR;
				CLANG_WARN_DOCUMENTATION_COMMENTS = YES;
				CLANG_WARN_EMPTY_BODY = YES;
				CLANG_WARN_ENUM_CONVERSION = YES;
				CLANG_WARN_INFINITE_RECURSION = YES;
				CLANG_WARN_INT_CONVERSION = YES;
				CLANG_WARN_NON_LITERAL_NULL_CONVERSION = YES;
				CLANG_WARN_OBJC_IMPLICIT_RETAIN_SELF = YES;
				CLANG_WARN_OBJC_LITERAL_CONVERSION = YES;
				CLANG_WARN_OBJC_ROOT_CLASS = YES_ERROR;
				CLANG_WARN_RANGE_LOOP_ANALYSIS = YES;
				CLANG_WARN_STRICT_PROTOTYPES = YES;
				CLANG_WARN_SUSPICIOUS_MOVE = YES;
				CLANG_WARN_UNGUARDED_AVAILABILITY = YES_AGGRESSIVE;
				CLANG_WARN_UNREACHABLE_CODE = YES;
				CLANG_WARN__DUPLICATE_METHOD_MATCH = YES;
				COPY_PHASE_STRIP = NO;
				DEBUG_INFORMATION_FORMAT = dwarf;
				ENABLE_STRICT_OBJC_MSGSEND = YES;
				ENABLE_TESTABILITY = YES;
				GCC_C_LANGUAGE_STANDARD = gnu11;
				GCC_DYNAMIC_NO_PIC = NO;
				GCC_NO_COMMON_BLOCKS = YES;
				GCC_OPTIMIZATION_LEVEL = 0;
				GCC_PREPROCESSOR_DEFINITIONS = (
					"DEBUG=1",
					"$(inherited)",
				);
				GCC_WARN_64_TO_32_BIT_CONVERSION = YES;
				GCC_WARN_ABOUT_RETURN_TYPE = YES_ERROR;
				GCC_WARN_UNDECLARED_SELECTOR = YES;
				GCC_WARN_UNINITIALIZED_AUTOS = YES_AGGRESSIVE;
				GCC_WARN_UNUSED_FUNCTION = YES;
				GCC_WARN_UNUSED_VARIABLE = YES;
				IPHONEOS_DEPLOYMENT_TARGET = 13.0;
				MTL_ENABLE_DEBUG_INFO = INCLUDE_SOURCE;
				MTL_FAST_MATH = YES;
				ONLY_ACTIVE_ARCH = YES;
				SDKROOT = iphoneos;
				SWIFT_ACTIVE_COMPILATION_CONDITIONS = DEBUG;
				SWIFT_OPTIMIZATION_LEVEL = "-Onone";
			};
			name = Debug;
		};
		43C47A7122AB2378000CC73C /* Release */ = {
			isa = XCBuildConfiguration;
			buildSettings = {
				ALWAYS_SEARCH_USER_PATHS = NO;
				CLANG_ANALYZER_NONNULL = YES;
				CLANG_ANALYZER_NUMBER_OBJECT_CONVERSION = YES_AGGRESSIVE;
				CLANG_CXX_LANGUAGE_STANDARD = "gnu++14";
				CLANG_CXX_LIBRARY = "libc++";
				CLANG_ENABLE_MODULES = YES;
				CLANG_ENABLE_OBJC_ARC = YES;
				CLANG_ENABLE_OBJC_WEAK = YES;
				CLANG_WARN_BLOCK_CAPTURE_AUTORELEASING = YES;
				CLANG_WARN_BOOL_CONVERSION = YES;
				CLANG_WARN_COMMA = YES;
				CLANG_WARN_CONSTANT_CONVERSION = YES;
				CLANG_WARN_DEPRECATED_OBJC_IMPLEMENTATIONS = YES;
				CLANG_WARN_DIRECT_OBJC_ISA_USAGE = YES_ERROR;
				CLANG_WARN_DOCUMENTATION_COMMENTS = YES;
				CLANG_WARN_EMPTY_BODY = YES;
				CLANG_WARN_ENUM_CONVERSION = YES;
				CLANG_WARN_INFINITE_RECURSION = YES;
				CLANG_WARN_INT_CONVERSION = YES;
				CLANG_WARN_NON_LITERAL_NULL_CONVERSION = YES;
				CLANG_WARN_OBJC_IMPLICIT_RETAIN_SELF = YES;
				CLANG_WARN_OBJC_LITERAL_CONVERSION = YES;
				CLANG_WARN_OBJC_ROOT_CLASS = YES_ERROR;
				CLANG_WARN_RANGE_LOOP_ANALYSIS = YES;
				CLANG_WARN_STRICT_PROTOTYPES = YES;
				CLANG_WARN_SUSPICIOUS_MOVE = YES;
				CLANG_WARN_UNGUARDED_AVAILABILITY = YES_AGGRESSIVE;
				CLANG_WARN_UNREACHABLE_CODE = YES;
				CLANG_WARN__DUPLICATE_METHOD_MATCH = YES;
				COPY_PHASE_STRIP = NO;
				DEBUG_INFORMATION_FORMAT = "dwarf-with-dsym";
				ENABLE_NS_ASSERTIONS = NO;
				ENABLE_STRICT_OBJC_MSGSEND = YES;
				GCC_C_LANGUAGE_STANDARD = gnu11;
				GCC_NO_COMMON_BLOCKS = YES;
				GCC_WARN_64_TO_32_BIT_CONVERSION = YES;
				GCC_WARN_ABOUT_RETURN_TYPE = YES_ERROR;
				GCC_WARN_UNDECLARED_SELECTOR = YES;
				GCC_WARN_UNINITIALIZED_AUTOS = YES_AGGRESSIVE;
				GCC_WARN_UNUSED_FUNCTION = YES;
				GCC_WARN_UNUSED_VARIABLE = YES;
				IPHONEOS_DEPLOYMENT_TARGET = 13.0;
				MTL_ENABLE_DEBUG_INFO = NO;
				MTL_FAST_MATH = YES;
				SDKROOT = iphoneos;
				SWIFT_COMPILATION_MODE = wholemodule;
				SWIFT_OPTIMIZATION_LEVEL = "-O";
				VALIDATE_PRODUCT = YES;
			};
			name = Release;
		};
		43C47A7322AB2378000CC73C /* Debug */ = {
			isa = XCBuildConfiguration;
			buildSettings = {
				ASSETCATALOG_COMPILER_APPICON_NAME = AppIcon;
				CODE_SIGN_STYLE = Automatic;
				DEVELOPMENT_ASSET_PATHS = "SOTW/Preview\\ Content";
				DEVELOPMENT_TEAM = 5HMZ38CY33;
				ENABLE_PREVIEWS = YES;
				INFOPLIST_FILE = SOTW/Info.plist;
				LD_RUNPATH_SEARCH_PATHS = (
					"$(inherited)",
					"@executable_path/Frameworks",
				);
				PRODUCT_BUNDLE_IDENTIFIER = com.farktronix.SOTW;
				PRODUCT_NAME = "$(TARGET_NAME)";
				SWIFT_VERSION = 5.0;
				TARGETED_DEVICE_FAMILY = "1,2";
			};
			name = Debug;
		};
		43C47A7422AB2378000CC73C /* Release */ = {
			isa = XCBuildConfiguration;
			buildSettings = {
				ASSETCATALOG_COMPILER_APPICON_NAME = AppIcon;
				CODE_SIGN_STYLE = Automatic;
				DEVELOPMENT_ASSET_PATHS = "SOTW/Preview\\ Content";
				DEVELOPMENT_TEAM = 5HMZ38CY33;
				ENABLE_PREVIEWS = YES;
				INFOPLIST_FILE = SOTW/Info.plist;
				LD_RUNPATH_SEARCH_PATHS = (
					"$(inherited)",
					"@executable_path/Frameworks",
				);
				PRODUCT_BUNDLE_IDENTIFIER = com.farktronix.SOTW;
				PRODUCT_NAME = "$(TARGET_NAME)";
				SWIFT_VERSION = 5.0;
				TARGETED_DEVICE_FAMILY = "1,2";
			};
			name = Release;
		};
/* End XCBuildConfiguration section */

/* Begin XCConfigurationList section */
		43C47A5922AB2377000CC73C /* Build configuration list for PBXProject "SOTW" */ = {
			isa = XCConfigurationList;
			buildConfigurations = (
				43C47A7022AB2378000CC73C /* Debug */,
				43C47A7122AB2378000CC73C /* Release */,
			);
			defaultConfigurationIsVisible = 0;
			defaultConfigurationName = Release;
		};
		43C47A7222AB2378000CC73C /* Build configuration list for PBXNativeTarget "SOTW" */ = {
			isa = XCConfigurationList;
			buildConfigurations = (
				43C47A7322AB2378000CC73C /* Debug */,
				43C47A7422AB2378000CC73C /* Release */,
			);
			defaultConfigurationIsVisible = 0;
			defaultConfigurationName = Release;
		};
/* End XCConfigurationList section */
	};
	rootObject = 43C47A5622AB2377000CC73C /* Project object */;
}
